
Microsoft Visual Studio Solution File, Format Version 12.00
# Visual Studio Version 17
VisualStudioVersion = 17.5.33516.290
MinimumVisualStudioVersion = 10.0.40219.1
Project("{9A19103F-16F7-4668-BE54-9A1E7A4F7556}") = "CBTDWeb", "CBTDWeb\CBTDWeb.csproj", "{29F9362E-9778-43BF-B73D-3C561655DB6E}"
	ProjectSection(ProjectDependencies) = postProject
		{1CF142DF-F628-4188-9574-9AE64E93AC3C} = {1CF142DF-F628-4188-9574-9AE64E93AC3C}
		{43B6560F-3ABB-428B-9808-938275F09D62} = {43B6560F-3ABB-428B-9808-938275F09D62}
		{C876FE41-411B-4E0A-863F-327A793E78EA} = {C876FE41-411B-4E0A-863F-327A793E78EA}
	EndProjectSection
EndProject
Project("{FAE04EC0-301F-11D3-BF4B-00C04F79EFBC}") = "CBTD.DataAccess", "CBTD.DataAccess\CBTD.DataAccess.csproj", "{1CF142DF-F628-4188-9574-9AE64E93AC3C}"
	ProjectSection(ProjectDependencies) = postProject
		{43B6560F-3ABB-428B-9808-938275F09D62} = {43B6560F-3ABB-428B-9808-938275F09D62}
	EndProjectSection
EndProject
Project("{FAE04EC0-301F-11D3-BF4B-00C04F79EFBC}") = "CBTD.Models", "CBTD.Models\CBTD.Models.csproj", "{43B6560F-3ABB-428B-9808-938275F09D62}"
	ProjectSection(ProjectDependencies) = postProject
		{C876FE41-411B-4E0A-863F-327A793E78EA} = {C876FE41-411B-4E0A-863F-327A793E78EA}
	EndProjectSection
EndProject
Project("{FAE04EC0-301F-11D3-BF4B-00C04F79EFBC}") = "CBTD.Utility", "CBTD.Utility\CBTD.Utility.csproj", "{C876FE41-411B-4E0A-863F-327A793E78EA}"
EndProject
Global
	GlobalSection(SolutionConfigurationPlatforms) = preSolution
		Debug|Any CPU = Debug|Any CPU
		Release|Any CPU = Release|Any CPU
	EndGlobalSection
	GlobalSection(ProjectConfigurationPlatforms) = postSolution
		{29F9362E-9778-43BF-B73D-3C561655DB6E}.Debug|Any CPU.ActiveCfg = Debug|Any CPU
		{29F9362E-9778-43BF-B73D-3C561655DB6E}.Debug|Any CPU.Build.0 = Debug|Any CPU
		{29F9362E-9778-43BF-B73D-3C561655DB6E}.Release|Any CPU.ActiveCfg = Release|Any CPU
		{29F9362E-9778-43BF-B73D-3C561655DB6E}.Release|Any CPU.Build.0 = Release|Any CPU
		{1CF142DF-F628-4188-9574-9AE64E93AC3C}.Debug|Any CPU.ActiveCfg = Debug|Any CPU
		{1CF142DF-F628-4188-9574-9AE64E93AC3C}.Debug|Any CPU.Build.0 = Debug|Any CPU
		{1CF142DF-F628-4188-9574-9AE64E93AC3C}.Release|Any CPU.ActiveCfg = Release|Any CPU
		{1CF142DF-F628-4188-9574-9AE64E93AC3C}.Release|Any CPU.Build.0 = Release|Any CPU
		{43B6560F-3ABB-428B-9808-938275F09D62}.Debug|Any CPU.ActiveCfg = Debug|Any CPU
		{43B6560F-3ABB-428B-9808-938275F09D62}.Debug|Any CPU.Build.0 = Debug|Any CPU
		{43B6560F-3ABB-428B-9808-938275F09D62}.Release|Any CPU.ActiveCfg = Release|Any CPU
		{43B6560F-3ABB-428B-9808-938275F09D62}.Release|Any CPU.Build.0 = Release|Any CPU
		{C876FE41-411B-4E0A-863F-327A793E78EA}.Debug|Any CPU.ActiveCfg = Debug|Any CPU
		{C876FE41-411B-4E0A-863F-327A793E78EA}.Debug|Any CPU.Build.0 = Debug|Any CPU
		{C876FE41-411B-4E0A-863F-327A793E78EA}.Release|Any CPU.ActiveCfg = Release|Any CPU
		{C876FE41-411B-4E0A-863F-327A793E78EA}.Release|Any CPU.Build.0 = Release|Any CPU
	EndGlobalSection
	GlobalSection(SolutionProperties) = preSolution
		HideSolutionNode = FALSE
	EndGlobalSection
	GlobalSection(ExtensibilityGlobals) = postSolution
		SolutionGuid = {83D53B6E-07BA-4390-BF1E-D5694798006A}
	EndGlobalSection
EndGlobal
